
Microsoft Visual Studio Solution File, Format Version 12.00
# Visual Studio Version 17
VisualStudioVersion = 17.6.33801.468
MinimumVisualStudioVersion = 10.0.40219.1
Project("{9A19103F-16F7-4668-BE54-9A1E7A4F7556}") = "Multi_Library_new", "Multi_Library_new.csproj", "{46C890B2-8427-45EE-AD60-D84D43383C16}"
EndProject
Global
	GlobalSection(SolutionConfigurationPlatforms) = preSolution
		Debug|Any CPU = Debug|Any CPU
		Release|Any CPU = Release|Any CPU
	EndGlobalSection
	GlobalSection(ProjectConfigurationPlatforms) = postSolution
		{46C890B2-8427-45EE-AD60-D84D43383C16}.Debug|Any CPU.ActiveCfg = Debug|Any CPU
		{46C890B2-8427-45EE-AD60-D84D43383C16}.Debug|Any CPU.Build.0 = Debug|Any CPU
		{46C890B2-8427-45EE-AD60-D84D43383C16}.Release|Any CPU.ActiveCfg = Release|Any CPU
		{46C890B2-8427-45EE-AD60-D84D43383C16}.Release|Any CPU.Build.0 = Release|Any CPU
	EndGlobalSection
	GlobalSection(SolutionProperties) = preSolution
		HideSolutionNode = FALSE
	EndGlobalSection
	GlobalSection(ExtensibilityGlobals) = postSolution
		SolutionGuid = {C0FA953A-6469-48B4-8EF5-6C426146EC0C}
	EndGlobalSection
EndGlobal
